// !$*UTF8*$!
{
	archiveVersion = 1;
	classes = {
	};
	objectVersion = 56;
	objects = {

/* Begin PBXBuildFile section */
		27F13C5D2BAB7DAA00D37235 /* GymApp_LoginApp.swift in Sources */ = {isa = PBXBuildFile; fileRef = 27F13C5C2BAB7DAA00D37235 /* GymApp_LoginApp.swift */; };
		27F13C5F2BAB7DAA00D37235 /* ContentView.swift in Sources */ = {isa = PBXBuildFile; fileRef = 27F13C5E2BAB7DAA00D37235 /* ContentView.swift */; };
		27F13C612BAB7DAD00D37235 /* Assets.xcassets in Resources */ = {isa = PBXBuildFile; fileRef = 27F13C602BAB7DAD00D37235 /* Assets.xcassets */; };
		27F13C642BAB7DAD00D37235 /* Preview Assets.xcassets in Resources */ = {isa = PBXBuildFile; fileRef = 27F13C632BAB7DAD00D37235 /* Preview Assets.xcassets */; };
		27F13C732BAB7E7F00D37235 /* LoginView.swift in Sources */ = {isa = PBXBuildFile; fileRef = 27F13C722BAB7E7F00D37235 /* LoginView.swift */; };
		27F13C752BAB7FF500D37235 /* InputView.swift in Sources */ = {isa = PBXBuildFile; fileRef = 27F13C742BAB7FF500D37235 /* InputView.swift */; };
		27F13C772BAB858900D37235 /* RegistrationView.swift in Sources */ = {isa = PBXBuildFile; fileRef = 27F13C762BAB858900D37235 /* RegistrationView.swift */; };
		27F13C792BAB87E000D37235 /* ProfileView.swift in Sources */ = {isa = PBXBuildFile; fileRef = 27F13C782BAB87E000D37235 /* ProfileView.swift */; };
		27F13C7B2BAB8AD200D37235 /* SettingsRowView.swift in Sources */ = {isa = PBXBuildFile; fileRef = 27F13C7A2BAB8AD200D37235 /* SettingsRowView.swift */; };
		27F13C7D2BAB8C8300D37235 /* User.swift in Sources */ = {isa = PBXBuildFile; fileRef = 27F13C7C2BAB8C8300D37235 /* User.swift */; };
		27F13C7F2BAB918700D37235 /* GoogleService-Info.plist in Resources */ = {isa = PBXBuildFile; fileRef = 27F13C7E2BAB918700D37235 /* GoogleService-Info.plist */; };
		27F13C822BAB936C00D37235 /* FirebaseAuth in Frameworks */ = {isa = PBXBuildFile; productRef = 27F13C812BAB936C00D37235 /* FirebaseAuth */; };
		27F13C842BAB936C00D37235 /* FirebaseFirestore in Frameworks */ = {isa = PBXBuildFile; productRef = 27F13C832BAB936C00D37235 /* FirebaseFirestore */; };
		27F13C862BAB936C00D37235 /* FirebaseFirestoreSwift in Frameworks */ = {isa = PBXBuildFile; productRef = 27F13C852BAB936C00D37235 /* FirebaseFirestoreSwift */; };
		27F13C882BAB936C00D37235 /* FirebaseStorage in Frameworks */ = {isa = PBXBuildFile; productRef = 27F13C872BAB936C00D37235 /* FirebaseStorage */; };
		27F13C8C2BAB93DA00D37235 /* AuthViewModel.swift in Sources */ = {isa = PBXBuildFile; fileRef = 27F13C8B2BAB93DA00D37235 /* AuthViewModel.swift */; };
		27F13C8E2BAB991800D37235 /* FirebaseAnalytics in Frameworks */ = {isa = PBXBuildFile; productRef = 27F13C8D2BAB991800D37235 /* FirebaseAnalytics */; };
		27F13C902BAB991800D37235 /* FirebaseAnalyticsSwift in Frameworks */ = {isa = PBXBuildFile; productRef = 27F13C8F2BAB991800D37235 /* FirebaseAnalyticsSwift */; };
		27F13C922BAB991800D37235 /* FirebaseAuthCombine-Community in Frameworks */ = {isa = PBXBuildFile; productRef = 27F13C912BAB991800D37235 /* FirebaseAuthCombine-Community */; };
		27F13C942BAB991800D37235 /* FirebaseDatabase in Frameworks */ = {isa = PBXBuildFile; productRef = 27F13C932BAB991800D37235 /* FirebaseDatabase */; };
		27F13C962BAB991800D37235 /* FirebaseDatabaseSwift in Frameworks */ = {isa = PBXBuildFile; productRef = 27F13C952BAB991800D37235 /* FirebaseDatabaseSwift */; };
/* End PBXBuildFile section */

/* Begin PBXFileReference section */
		27F13C592BAB7DAA00D37235 /* GymApp_Login.app */ = {isa = PBXFileReference; explicitFileType = wrapper.application; includeInIndex = 0; path = GymApp_Login.app; sourceTree = BUILT_PRODUCTS_DIR; };
		27F13C5C2BAB7DAA00D37235 /* GymApp_LoginApp.swift */ = {isa = PBXFileReference; lastKnownFileType = sourcecode.swift; path = GymApp_LoginApp.swift; sourceTree = "<group>"; };
		27F13C5E2BAB7DAA00D37235 /* ContentView.swift */ = {isa = PBXFileReference; lastKnownFileType = sourcecode.swift; path = ContentView.swift; sourceTree = "<group>"; };
		27F13C602BAB7DAD00D37235 /* Assets.xcassets */ = {isa = PBXFileReference; lastKnownFileType = folder.assetcatalog; path = Assets.xcassets; sourceTree = "<group>"; };
		27F13C632BAB7DAD00D37235 /* Preview Assets.xcassets */ = {isa = PBXFileReference; lastKnownFileType = folder.assetcatalog; path = "Preview Assets.xcassets"; sourceTree = "<group>"; };
		27F13C722BAB7E7F00D37235 /* LoginView.swift */ = {isa = PBXFileReference; lastKnownFileType = sourcecode.swift; path = LoginView.swift; sourceTree = "<group>"; };
		27F13C742BAB7FF500D37235 /* InputView.swift */ = {isa = PBXFileReference; lastKnownFileType = sourcecode.swift; path = InputView.swift; sourceTree = "<group>"; };
		27F13C762BAB858900D37235 /* RegistrationView.swift */ = {isa = PBXFileReference; lastKnownFileType = sourcecode.swift; path = RegistrationView.swift; sourceTree = "<group>"; };
		27F13C782BAB87E000D37235 /* ProfileView.swift */ = {isa = PBXFileReference; lastKnownFileType = sourcecode.swift; path = ProfileView.swift; sourceTree = "<group>"; };
		27F13C7A2BAB8AD200D37235 /* SettingsRowView.swift */ = {isa = PBXFileReference; lastKnownFileType = sourcecode.swift; path = SettingsRowView.swift; sourceTree = "<group>"; };
		27F13C7C2BAB8C8300D37235 /* User.swift */ = {isa = PBXFileReference; lastKnownFileType = sourcecode.swift; path = User.swift; sourceTree = "<group>"; };
		27F13C7E2BAB918700D37235 /* GoogleService-Info.plist */ = {isa = PBXFileReference; fileEncoding = 4; lastKnownFileType = text.plist.xml; name = "GoogleService-Info.plist"; path = "GymApp_Login/GoogleService-Info.plist"; sourceTree = SOURCE_ROOT; };
		27F13C8B2BAB93DA00D37235 /* AuthViewModel.swift */ = {isa = PBXFileReference; lastKnownFileType = sourcecode.swift; path = AuthViewModel.swift; sourceTree = "<group>"; };
/* End PBXFileReference section */

/* Begin PBXFrameworksBuildPhase section */
		27F13C562BAB7DAA00D37235 /* Frameworks */ = {
			isa = PBXFrameworksBuildPhase;
			buildActionMask = 2147483647;
			files = (
				27F13C902BAB991800D37235 /* FirebaseAnalyticsSwift in Frameworks */,
				27F13C822BAB936C00D37235 /* FirebaseAuth in Frameworks */,
				27F13C882BAB936C00D37235 /* FirebaseStorage in Frameworks */,
				27F13C962BAB991800D37235 /* FirebaseDatabaseSwift in Frameworks */,
				27F13C842BAB936C00D37235 /* FirebaseFirestore in Frameworks */,
				27F13C8E2BAB991800D37235 /* FirebaseAnalytics in Frameworks */,
				27F13C922BAB991800D37235 /* FirebaseAuthCombine-Community in Frameworks */,
				27F13C942BAB991800D37235 /* FirebaseDatabase in Frameworks */,
				27F13C862BAB936C00D37235 /* FirebaseFirestoreSwift in Frameworks */,
			);
			runOnlyForDeploymentPostprocessing = 0;
		};
/* End PBXFrameworksBuildPhase section */

/* Begin PBXGroup section */
		27F13C502BAB7DAA00D37235 = {
			isa = PBXGroup;
			children = (
				27F13C5B2BAB7DAA00D37235 /* GymApp_Login */,
				27F13C5A2BAB7DAA00D37235 /* Products */,
			);
			sourceTree = "<group>";
		};
		27F13C5A2BAB7DAA00D37235 /* Products */ = {
			isa = PBXGroup;
			children = (
				27F13C592BAB7DAA00D37235 /* GymApp_Login.app */,
			);
			name = Products;
			sourceTree = "<group>";
		};
		27F13C5B2BAB7DAA00D37235 /* GymApp_Login */ = {
			isa = PBXGroup;
			children = (
				27F13C6D2BAB7DDC00D37235 /* Model */,
				27F13C6C2BAB7DD800D37235 /* Core */,
				27F13C6B2BAB7DCD00D37235 /* Components */,
				27F13C6A2BAB7DC300D37235 /* App */,
				27F13C602BAB7DAD00D37235 /* Assets.xcassets */,
				27F13C7E2BAB918700D37235 /* GoogleService-Info.plist */,
				27F13C622BAB7DAD00D37235 /* Preview Content */,
			);
			path = GymApp_Login;
			sourceTree = "<group>";
		};
		27F13C622BAB7DAD00D37235 /* Preview Content */ = {
			isa = PBXGroup;
			children = (
				27F13C632BAB7DAD00D37235 /* Preview Assets.xcassets */,
			);
			path = "Preview Content";
			sourceTree = "<group>";
		};
		27F13C6A2BAB7DC300D37235 /* App */ = {
			isa = PBXGroup;
			children = (
				27F13C5C2BAB7DAA00D37235 /* GymApp_LoginApp.swift */,
			);
			path = App;
			sourceTree = "<group>";
		};
		27F13C6B2BAB7DCD00D37235 /* Components */ = {
			isa = PBXGroup;
			children = (
				27F13C742BAB7FF500D37235 /* InputView.swift */,
				27F13C7A2BAB8AD200D37235 /* SettingsRowView.swift */,
			);
			path = Components;
			sourceTree = "<group>";
		};
		27F13C6C2BAB7DD800D37235 /* Core */ = {
			isa = PBXGroup;
			children = (
				27F13C702BAB7E4900D37235 /* Authentication */,
				27F13C712BAB7E5000D37235 /* Profile */,
				27F13C6F2BAB7E3A00D37235 /* Root */,
			);
			path = Core;
			sourceTree = "<group>";
		};
		27F13C6D2BAB7DDC00D37235 /* Model */ = {
			isa = PBXGroup;
			children = (
				27F13C7C2BAB8C8300D37235 /* User.swift */,
			);
			path = Model;
			sourceTree = "<group>";
		};
		27F13C6F2BAB7E3A00D37235 /* Root */ = {
			isa = PBXGroup;
			children = (
				27F13C5E2BAB7DAA00D37235 /* ContentView.swift */,
			);
			path = Root;
			sourceTree = "<group>";
		};
		27F13C702BAB7E4900D37235 /* Authentication */ = {
			isa = PBXGroup;
			children = (
				27F13C8A2BAB93B300D37235 /* ViewModel */,
				27F13C892BAB93AD00D37235 /* View */,
			);
			path = Authentication;
			sourceTree = "<group>";
		};
		27F13C712BAB7E5000D37235 /* Profile */ = {
			isa = PBXGroup;
			children = (
				27F13C782BAB87E000D37235 /* ProfileView.swift */,
			);
			path = Profile;
			sourceTree = "<group>";
		};
		27F13C892BAB93AD00D37235 /* View */ = {
			isa = PBXGroup;
			children = (
				27F13C762BAB858900D37235 /* RegistrationView.swift */,
				27F13C722BAB7E7F00D37235 /* LoginView.swift */,
			);
			path = View;
			sourceTree = "<group>";
		};
		27F13C8A2BAB93B300D37235 /* ViewModel */ = {
			isa = PBXGroup;
			children = (
				27F13C8B2BAB93DA00D37235 /* AuthViewModel.swift */,
			);
			path = ViewModel;
			sourceTree = "<group>";
		};
/* End PBXGroup section */

/* Begin PBXNativeTarget section */
		27F13C582BAB7DAA00D37235 /* GymApp_Login */ = {
			isa = PBXNativeTarget;
			buildConfigurationList = 27F13C672BAB7DAD00D37235 /* Build configuration list for PBXNativeTarget "GymApp_Login" */;
			buildPhases = (
				27F13C552BAB7DAA00D37235 /* Sources */,
				27F13C562BAB7DAA00D37235 /* Frameworks */,
				27F13C572BAB7DAA00D37235 /* Resources */,
			);
			buildRules = (
			);
			dependencies = (
			);
			name = GymApp_Login;
			packageProductDependencies = (
				27F13C812BAB936C00D37235 /* FirebaseAuth */,
				27F13C832BAB936C00D37235 /* FirebaseFirestore */,
				27F13C852BAB936C00D37235 /* FirebaseFirestoreSwift */,
				27F13C872BAB936C00D37235 /* FirebaseStorage */,
				27F13C8D2BAB991800D37235 /* FirebaseAnalytics */,
				27F13C8F2BAB991800D37235 /* FirebaseAnalyticsSwift */,
				27F13C912BAB991800D37235 /* FirebaseAuthCombine-Community */,
				27F13C932BAB991800D37235 /* FirebaseDatabase */,
				27F13C952BAB991800D37235 /* FirebaseDatabaseSwift */,
			);
			productName = GymApp_Login;
			productReference = 27F13C592BAB7DAA00D37235 /* GymApp_Login.app */;
			productType = "com.apple.product-type.application";
		};
/* End PBXNativeTarget section */

/* Begin PBXProject section */
		27F13C512BAB7DAA00D37235 /* Project object */ = {
			isa = PBXProject;
			attributes = {
				BuildIndependentTargetsInParallel = 1;
				LastSwiftUpdateCheck = 1530;
				LastUpgradeCheck = 1530;
				TargetAttributes = {
					27F13C582BAB7DAA00D37235 = {
						CreatedOnToolsVersion = 15.3;
					};
				};
			};
			buildConfigurationList = 27F13C542BAB7DAA00D37235 /* Build configuration list for PBXProject "GymApp_Login" */;
			compatibilityVersion = "Xcode 14.0";
			developmentRegion = en;
			hasScannedForEncodings = 0;
			knownRegions = (
				en,
				Base,
			);
			mainGroup = 27F13C502BAB7DAA00D37235;
			packageReferences = (
				27F13C802BAB936C00D37235 /* XCRemoteSwiftPackageReference "firebase-ios-sdk" */,
			);
			productRefGroup = 27F13C5A2BAB7DAA00D37235 /* Products */;
			projectDirPath = "";
			projectRoot = "";
			targets = (
				27F13C582BAB7DAA00D37235 /* GymApp_Login */,
			);
		};
/* End PBXProject section */

/* Begin PBXResourcesBuildPhase section */
		27F13C572BAB7DAA00D37235 /* Resources */ = {
			isa = PBXResourcesBuildPhase;
			buildActionMask = 2147483647;
			files = (
				27F13C642BAB7DAD00D37235 /* Preview Assets.xcassets in Resources */,
				27F13C612BAB7DAD00D37235 /* Assets.xcassets in Resources */,
				27F13C7F2BAB918700D37235 /* GoogleService-Info.plist in Resources */,
			);
			runOnlyForDeploymentPostprocessing = 0;
		};
/* End PBXResourcesBuildPhase section */

/* Begin PBXSourcesBuildPhase section */
		27F13C552BAB7DAA00D37235 /* Sources */ = {
			isa = PBXSourcesBuildPhase;
			buildActionMask = 2147483647;
			files = (
				27F13C732BAB7E7F00D37235 /* LoginView.swift in Sources */,
				27F13C752BAB7FF500D37235 /* InputView.swift in Sources */,
				27F13C5F2BAB7DAA00D37235 /* ContentView.swift in Sources */,
				27F13C5D2BAB7DAA00D37235 /* GymApp_LoginApp.swift in Sources */,
				27F13C7D2BAB8C8300D37235 /* User.swift in Sources */,
				27F13C792BAB87E000D37235 /* ProfileView.swift in Sources */,
				27F13C772BAB858900D37235 /* RegistrationView.swift in Sources */,
				27F13C7B2BAB8AD200D37235 /* SettingsRowView.swift in Sources */,
				27F13C8C2BAB93DA00D37235 /* AuthViewModel.swift in Sources */,
			);
			runOnlyForDeploymentPostprocessing = 0;
		};
/* End PBXSourcesBuildPhase section */

/* Begin XCBuildConfiguration section */
		27F13C652BAB7DAD00D37235 /* Debug */ = {
			isa = XCBuildConfiguration;
			buildSettings = {
				ALWAYS_SEARCH_USER_PATHS = NO;
				ASSETCATALOG_COMPILER_GENERATE_SWIFT_ASSET_SYMBOL_EXTENSIONS = YES;
				CLANG_ANALYZER_NONNULL = YES;
				CLANG_ANALYZER_NUMBER_OBJECT_CONVERSION = YES_AGGRESSIVE;
				CLANG_CXX_LANGUAGE_STANDARD = "gnu++20";
				CLANG_ENABLE_MODULES = YES;
				CLANG_ENABLE_OBJC_ARC = YES;
				CLANG_ENABLE_OBJC_WEAK = YES;
				CLANG_WARN_BLOCK_CAPTURE_AUTORELEASING = YES;
				CLANG_WARN_BOOL_CONVERSION = YES;
				CLANG_WARN_COMMA = YES;
				CLANG_WARN_CONSTANT_CONVERSION = YES;
				CLANG_WARN_DEPRECATED_OBJC_IMPLEMENTATIONS = YES;
				CLANG_WARN_DIRECT_OBJC_ISA_USAGE = YES_ERROR;
				CLANG_WARN_DOCUMENTATION_COMMENTS = YES;
				CLANG_WARN_EMPTY_BODY = YES;
				CLANG_WARN_ENUM_CONVERSION = YES;
				CLANG_WARN_INFINITE_RECURSION = YES;
				CLANG_WARN_INT_CONVERSION = YES;
				CLANG_WARN_NON_LITERAL_NULL_CONVERSION = YES;
				CLANG_WARN_OBJC_IMPLICIT_RETAIN_SELF = YES;
				CLANG_WARN_OBJC_LITERAL_CONVERSION = YES;
				CLANG_WARN_OBJC_ROOT_CLASS = YES_ERROR;
				CLANG_WARN_QUOTED_INCLUDE_IN_FRAMEWORK_HEADER = YES;
				CLANG_WARN_RANGE_LOOP_ANALYSIS = YES;
				CLANG_WARN_STRICT_PROTOTYPES = YES;
				CLANG_WARN_SUSPICIOUS_MOVE = YES;
				CLANG_WARN_UNGUARDED_AVAILABILITY = YES_AGGRESSIVE;
				CLANG_WARN_UNREACHABLE_CODE = YES;
				CLANG_WARN__DUPLICATE_METHOD_MATCH = YES;
				COPY_PHASE_STRIP = NO;
				DEBUG_INFORMATION_FORMAT = dwarf;
				ENABLE_STRICT_OBJC_MSGSEND = YES;
				ENABLE_TESTABILITY = YES;
				ENABLE_USER_SCRIPT_SANDBOXING = YES;
				GCC_C_LANGUAGE_STANDARD = gnu17;
				GCC_DYNAMIC_NO_PIC = NO;
				GCC_NO_COMMON_BLOCKS = YES;
				GCC_OPTIMIZATION_LEVEL = 0;
				GCC_PREPROCESSOR_DEFINITIONS = (
					"DEBUG=1",
					"$(inherited)",
				);
				GCC_WARN_64_TO_32_BIT_CONVERSION = YES;
				GCC_WARN_ABOUT_RETURN_TYPE = YES_ERROR;
				GCC_WARN_UNDECLARED_SELECTOR = YES;
				GCC_WARN_UNINITIALIZED_AUTOS = YES_AGGRESSIVE;
				GCC_WARN_UNUSED_FUNCTION = YES;
				GCC_WARN_UNUSED_VARIABLE = YES;
				IPHONEOS_DEPLOYMENT_TARGET = 17.4;
				LOCALIZATION_PREFERS_STRING_CATALOGS = YES;
				MTL_ENABLE_DEBUG_INFO = INCLUDE_SOURCE;
				MTL_FAST_MATH = YES;
				ONLY_ACTIVE_ARCH = YES;
				SDKROOT = iphoneos;
				SWIFT_ACTIVE_COMPILATION_CONDITIONS = "DEBUG $(inherited)";
				SWIFT_OPTIMIZATION_LEVEL = "-Onone";
			};
			name = Debug;
		};
		27F13C662BAB7DAD00D37235 /* Release */ = {
			isa = XCBuildConfiguration;
			buildSettings = {
				ALWAYS_SEARCH_USER_PATHS = NO;
				ASSETCATALOG_COMPILER_GENERATE_SWIFT_ASSET_SYMBOL_EXTENSIONS = YES;
				CLANG_ANALYZER_NONNULL = YES;
				CLANG_ANALYZER_NUMBER_OBJECT_CONVERSION = YES_AGGRESSIVE;
				CLANG_CXX_LANGUAGE_STANDARD = "gnu++20";
				CLANG_ENABLE_MODULES = YES;
				CLANG_ENABLE_OBJC_ARC = YES;
				CLANG_ENABLE_OBJC_WEAK = YES;
				CLANG_WARN_BLOCK_CAPTURE_AUTORELEASING = YES;
				CLANG_WARN_BOOL_CONVERSION = YES;
				CLANG_WARN_COMMA = YES;
				CLANG_WARN_CONSTANT_CONVERSION = YES;
				CLANG_WARN_DEPRECATED_OBJC_IMPLEMENTATIONS = YES;
				CLANG_WARN_DIRECT_OBJC_ISA_USAGE = YES_ERROR;
				CLANG_WARN_DOCUMENTATION_COMMENTS = YES;
				CLANG_WARN_EMPTY_BODY = YES;
				CLANG_WARN_ENUM_CONVERSION = YES;
				CLANG_WARN_INFINITE_RECURSION = YES;
				CLANG_WARN_INT_CONVERSION = YES;
				CLANG_WARN_NON_LITERAL_NULL_CONVERSION = YES;
				CLANG_WARN_OBJC_IMPLICIT_RETAIN_SELF = YES;
				CLANG_WARN_OBJC_LITERAL_CONVERSION = YES;
				CLANG_WARN_OBJC_ROOT_CLASS = YES_ERROR;
				CLANG_WARN_QUOTED_INCLUDE_IN_FRAMEWORK_HEADER = YES;
				CLANG_WARN_RANGE_LOOP_ANALYSIS = YES;
				CLANG_WARN_STRICT_PROTOTYPES = YES;
				CLANG_WARN_SUSPICIOUS_MOVE = YES;
				CLANG_WARN_UNGUARDED_AVAILABILITY = YES_AGGRESSIVE;
				CLANG_WARN_UNREACHABLE_CODE = YES;
				CLANG_WARN__DUPLICATE_METHOD_MATCH = YES;
				COPY_PHASE_STRIP = NO;
				DEBUG_INFORMATION_FORMAT = "dwarf-with-dsym";
				ENABLE_NS_ASSERTIONS = NO;
				ENABLE_STRICT_OBJC_MSGSEND = YES;
				ENABLE_USER_SCRIPT_SANDBOXING = YES;
				GCC_C_LANGUAGE_STANDARD = gnu17;
				GCC_NO_COMMON_BLOCKS = YES;
				GCC_WARN_64_TO_32_BIT_CONVERSION = YES;
				GCC_WARN_ABOUT_RETURN_TYPE = YES_ERROR;
				GCC_WARN_UNDECLARED_SELECTOR = YES;
				GCC_WARN_UNINITIALIZED_AUTOS = YES_AGGRESSIVE;
				GCC_WARN_UNUSED_FUNCTION = YES;
				GCC_WARN_UNUSED_VARIABLE = YES;
				IPHONEOS_DEPLOYMENT_TARGET = 17.4;
				LOCALIZATION_PREFERS_STRING_CATALOGS = YES;
				MTL_ENABLE_DEBUG_INFO = NO;
				MTL_FAST_MATH = YES;
				SDKROOT = iphoneos;
				SWIFT_COMPILATION_MODE = wholemodule;
				VALIDATE_PRODUCT = YES;
			};
			name = Release;
		};
		27F13C682BAB7DAD00D37235 /* Debug */ = {
			isa = XCBuildConfiguration;
			buildSettings = {
				ASSETCATALOG_COMPILER_APPICON_NAME = AppIcon;
				ASSETCATALOG_COMPILER_GLOBAL_ACCENT_COLOR_NAME = AccentColor;
				CODE_SIGN_STYLE = Automatic;
				CURRENT_PROJECT_VERSION = 1;
				DEVELOPMENT_ASSET_PATHS = "\"GymApp_Login/Preview Content\"";
				DEVELOPMENT_TEAM = H2K4WJV77B;
				ENABLE_PREVIEWS = YES;
				GENERATE_INFOPLIST_FILE = YES;
				INFOPLIST_KEY_UIApplicationSceneManifest_Generation = YES;
				INFOPLIST_KEY_UIApplicationSupportsIndirectInputEvents = YES;
				INFOPLIST_KEY_UILaunchScreen_Generation = YES;
				INFOPLIST_KEY_UISupportedInterfaceOrientations_iPad = "UIInterfaceOrientationPortrait UIInterfaceOrientationPortraitUpsideDown UIInterfaceOrientationLandscapeLeft UIInterfaceOrientationLandscapeRight";
				INFOPLIST_KEY_UISupportedInterfaceOrientations_iPhone = "UIInterfaceOrientationPortrait UIInterfaceOrientationLandscapeLeft UIInterfaceOrientationLandscapeRight";
				LD_RUNPATH_SEARCH_PATHS = (
					"$(inherited)",
					"@executable_path/Frameworks",
				);
				MARKETING_VERSION = 1.0;
				PRODUCT_BUNDLE_IDENTIFIER = "ProjectWork.GymApp-Login";
				PRODUCT_NAME = "$(TARGET_NAME)";
				SWIFT_EMIT_LOC_STRINGS = YES;
				SWIFT_VERSION = 5.0;
				TARGETED_DEVICE_FAMILY = "1,2";
			};
			name = Debug;
		};
		27F13C692BAB7DAD00D37235 /* Release */ = {
			isa = XCBuildConfiguration;
			buildSettings = {
				ASSETCATALOG_COMPILER_APPICON_NAME = AppIcon;
				ASSETCATALOG_COMPILER_GLOBAL_ACCENT_COLOR_NAME = AccentColor;
				CODE_SIGN_STYLE = Automatic;
				CURRENT_PROJECT_VERSION = 1;
				DEVELOPMENT_ASSET_PATHS = "\"GymApp_Login/Preview Content\"";
				DEVELOPMENT_TEAM = H2K4WJV77B;
				ENABLE_PREVIEWS = YES;
				GENERATE_INFOPLIST_FILE = YES;
				INFOPLIST_KEY_UIApplicationSceneManifest_Generation = YES;
				INFOPLIST_KEY_UIApplicationSupportsIndirectInputEvents = YES;
				INFOPLIST_KEY_UILaunchScreen_Generation = YES;
				INFOPLIST_KEY_UISupportedInterfaceOrientations_iPad = "UIInterfaceOrientationPortrait UIInterfaceOrientationPortraitUpsideDown UIInterfaceOrientationLandscapeLeft UIInterfaceOrientationLandscapeRight";
				INFOPLIST_KEY_UISupportedInterfaceOrientations_iPhone = "UIInterfaceOrientationPortrait UIInterfaceOrientationLandscapeLeft UIInterfaceOrientationLandscapeRight";
				LD_RUNPATH_SEARCH_PATHS = (
					"$(inherited)",
					"@executable_path/Frameworks",
				);
				MARKETING_VERSION = 1.0;
				PRODUCT_BUNDLE_IDENTIFIER = "ProjectWork.GymApp-Login";
				PRODUCT_NAME = "$(TARGET_NAME)";
				SWIFT_EMIT_LOC_STRINGS = YES;
				SWIFT_VERSION = 5.0;
				TARGETED_DEVICE_FAMILY = "1,2";
			};
			name = Release;
		};
/* End XCBuildConfiguration section */

/* Begin XCConfigurationList section */
		27F13C542BAB7DAA00D37235 /* Build configuration list for PBXProject "GymApp_Login" */ = {
			isa = XCConfigurationList;
			buildConfigurations = (
				27F13C652BAB7DAD00D37235 /* Debug */,
				27F13C662BAB7DAD00D37235 /* Release */,
			);
			defaultConfigurationIsVisible = 0;
			defaultConfigurationName = Release;
		};
		27F13C672BAB7DAD00D37235 /* Build configuration list for PBXNativeTarget "GymApp_Login" */ = {
			isa = XCConfigurationList;
			buildConfigurations = (
				27F13C682BAB7DAD00D37235 /* Debug */,
				27F13C692BAB7DAD00D37235 /* Release */,
			);
			defaultConfigurationIsVisible = 0;
			defaultConfigurationName = Release;
		};
/* End XCConfigurationList section */

/* Begin XCRemoteSwiftPackageReference section */
		27F13C802BAB936C00D37235 /* XCRemoteSwiftPackageReference "firebase-ios-sdk" */ = {
			isa = XCRemoteSwiftPackageReference;
			repositoryURL = "https://github.com/firebase/firebase-ios-sdk";
			requirement = {
				kind = upToNextMajorVersion;
				minimumVersion = 10.23.0;
			};
		};
/* End XCRemoteSwiftPackageReference section */

/* Begin XCSwiftPackageProductDependency section */
		27F13C812BAB936C00D37235 /* FirebaseAuth */ = {
			isa = XCSwiftPackageProductDependency;
			package = 27F13C802BAB936C00D37235 /* XCRemoteSwiftPackageReference "firebase-ios-sdk" */;
			productName = FirebaseAuth;
		};
		27F13C832BAB936C00D37235 /* FirebaseFirestore */ = {
			isa = XCSwiftPackageProductDependency;
			package = 27F13C802BAB936C00D37235 /* XCRemoteSwiftPackageReference "firebase-ios-sdk" */;
			productName = FirebaseFirestore;
		};
		27F13C852BAB936C00D37235 /* FirebaseFirestoreSwift */ = {
			isa = XCSwiftPackageProductDependency;
			package = 27F13C802BAB936C00D37235 /* XCRemoteSwiftPackageReference "firebase-ios-sdk" */;
			productName = FirebaseFirestoreSwift;
		};
		27F13C872BAB936C00D37235 /* FirebaseStorage */ = {
			isa = XCSwiftPackageProductDependency;
			package = 27F13C802BAB936C00D37235 /* XCRemoteSwiftPackageReference "firebase-ios-sdk" */;
			productName = FirebaseStorage;
		};
		27F13C8D2BAB991800D37235 /* FirebaseAnalytics */ = {
			isa = XCSwiftPackageProductDependency;
			package = 27F13C802BAB936C00D37235 /* XCRemoteSwiftPackageReference "firebase-ios-sdk" */;
			productName = FirebaseAnalytics;
		};
		27F13C8F2BAB991800D37235 /* FirebaseAnalyticsSwift */ = {
			isa = XCSwiftPackageProductDependency;
			package = 27F13C802BAB936C00D37235 /* XCRemoteSwiftPackageReference "firebase-ios-sdk" */;
			productName = FirebaseAnalyticsSwift;
		};
		27F13C912BAB991800D37235 /* FirebaseAuthCombine-Community */ = {
			isa = XCSwiftPackageProductDependency;
			package = 27F13C802BAB936C00D37235 /* XCRemoteSwiftPackageReference "firebase-ios-sdk" */;
			productName = "FirebaseAuthCombine-Community";
		};
		27F13C932BAB991800D37235 /* FirebaseDatabase */ = {
			isa = XCSwiftPackageProductDependency;
			package = 27F13C802BAB936C00D37235 /* XCRemoteSwiftPackageReference "firebase-ios-sdk" */;
			productName = FirebaseDatabase;
		};
		27F13C952BAB991800D37235 /* FirebaseDatabaseSwift */ = {
			isa = XCSwiftPackageProductDependency;
			package = 27F13C802BAB936C00D37235 /* XCRemoteSwiftPackageReference "firebase-ios-sdk" */;
			productName = FirebaseDatabaseSwift;
		};
/* End XCSwiftPackageProductDependency section */
	};
	rootObject = 27F13C512BAB7DAA00D37235 /* Project object */;
}
